
Microsoft Visual Studio Solution File, Format Version 12.00
# Visual Studio Version 17
VisualStudioVersion = 17.1.32328.378
MinimumVisualStudioVersion = 10.0.40219.1
Project("{FAE04EC0-301F-11D3-BF4B-00C04F79EFBC}") = "MinimalAPI", "MinimalAPI\MinimalAPI.csproj", "{AAA3B868-236D-43A4-BDB3-14AFD46C64B9}"
EndProject
Global
	GlobalSection(SolutionConfigurationPlatforms) = preSolution
		Debug|Any CPU = Debug|Any CPU
		Release|Any CPU = Release|Any CPU
	EndGlobalSection
	GlobalSection(ProjectConfigurationPlatforms) = postSolution
		{AAA3B868-236D-43A4-BDB3-14AFD46C64B9}.Debug|Any CPU.ActiveCfg = Debug|Any CPU
		{AAA3B868-236D-43A4-BDB3-14AFD46C64B9}.Debug|Any CPU.Build.0 = Debug|Any CPU
		{AAA3B868-236D-43A4-BDB3-14AFD46C64B9}.Release|Any CPU.ActiveCfg = Release|Any CPU
		{AAA3B868-236D-43A4-BDB3-14AFD46C64B9}.Release|Any CPU.Build.0 = Release|Any CPU
	EndGlobalSection
	GlobalSection(SolutionProperties) = preSolution
		HideSolutionNode = FALSE
	EndGlobalSection
	GlobalSection(ExtensibilityGlobals) = postSolution
		SolutionGuid = {8667BDD2-A31E-4BB1-971B-57006830C161}
	EndGlobalSection
EndGlobal
